
Microsoft Visual Studio Solution File, Format Version 12.00
# Visual Studio Version 16
VisualStudioVersion = 16.0.30517.126
MinimumVisualStudioVersion = 10.0.40219.1
Project("{FAE04EC0-301F-11D3-BF4B-00C04F79EFBC}") = "FolderCreation", "FolderCreation\FolderCreation.csproj", "{2B634210-B87F-46AC-9B48-3117C5EBDCA3}"
EndProject
Global
	GlobalSection(SolutionConfigurationPlatforms) = preSolution
		Debug|Any CPU = Debug|Any CPU
		Release|Any CPU = Release|Any CPU
	EndGlobalSection
	GlobalSection(ProjectConfigurationPlatforms) = postSolution
		{2B634210-B87F-46AC-9B48-3117C5EBDCA3}.Debug|Any CPU.ActiveCfg = Debug|Any CPU
		{2B634210-B87F-46AC-9B48-3117C5EBDCA3}.Debug|Any CPU.Build.0 = Debug|Any CPU
		{2B634210-B87F-46AC-9B48-3117C5EBDCA3}.Release|Any CPU.ActiveCfg = Release|Any CPU
		{2B634210-B87F-46AC-9B48-3117C5EBDCA3}.Release|Any CPU.Build.0 = Release|Any CPU
	EndGlobalSection
	GlobalSection(SolutionProperties) = preSolution
		HideSolutionNode = FALSE
	EndGlobalSection
	GlobalSection(ExtensibilityGlobals) = postSolution
		SolutionGuid = {C3993E49-F9F0-445E-9BAF-6AA9649E2100}
	EndGlobalSection
EndGlobal
